
Microsoft Visual Studio Solution File, Format Version 12.00
# Visual Studio Version 17
VisualStudioVersion = 17.4.33122.133
MinimumVisualStudioVersion = 10.0.40219.1
Project("{8BC9CEB8-8B4A-11D0-8D11-00A0C91BC942}") = "T221226", "T221226.vcxproj", "{8EE46E4E-023F-46DB-A875-5332463C2CC6}"
EndProject
Global
	GlobalSection(SolutionConfigurationPlatforms) = preSolution
		Debug|x64 = Debug|x64
		Debug|x86 = Debug|x86
		Release|x64 = Release|x64
		Release|x86 = Release|x86
	EndGlobalSection
	GlobalSection(ProjectConfigurationPlatforms) = postSolution
		{8EE46E4E-023F-46DB-A875-5332463C2CC6}.Debug|x64.ActiveCfg = Debug|x64
		{8EE46E4E-023F-46DB-A875-5332463C2CC6}.Debug|x64.Build.0 = Debug|x64
		{8EE46E4E-023F-46DB-A875-5332463C2CC6}.Debug|x86.ActiveCfg = Debug|Win32
		{8EE46E4E-023F-46DB-A875-5332463C2CC6}.Debug|x86.Build.0 = Debug|Win32
		{8EE46E4E-023F-46DB-A875-5332463C2CC6}.Release|x64.ActiveCfg = Release|x64
		{8EE46E4E-023F-46DB-A875-5332463C2CC6}.Release|x64.Build.0 = Release|x64
		{8EE46E4E-023F-46DB-A875-5332463C2CC6}.Release|x86.ActiveCfg = Release|Win32
		{8EE46E4E-023F-46DB-A875-5332463C2CC6}.Release|x86.Build.0 = Release|Win32
	EndGlobalSection
	GlobalSection(SolutionProperties) = preSolution
		HideSolutionNode = FALSE
	EndGlobalSection
	GlobalSection(ExtensibilityGlobals) = postSolution
		SolutionGuid = {09D2008C-82C4-49D7-8106-5E7E46CC1B4D}
	EndGlobalSection
EndGlobal
